// !$*UTF8*$!
{
	archiveVersion = 1;
	classes = {
	};
	objectVersion = 42;
	objects = {

/* Begin PBXAggregateTarget section */
		027149CF0D70A07A00072118 /* All */ = {
			isa = PBXAggregateTarget;
			buildConfigurationList = 027149DA0D70A0B900072118 /* Build configuration list for PBXAggregateTarget "All" */;
			buildPhases = (
			);
			dependencies = (
				027149D10D70A08200072118 /* PBXTargetDependency */,
				027149D30D70A08200072118 /* PBXTargetDependency */,
				027149D50D70A08200072118 /* PBXTargetDependency */,
				027149D70D70A08200072118 /* PBXTargetDependency */,
			);
			name = All;
			productName = All;
		};
		02EEFE7C0CA6B53C007006DE /* Documentation */ = {
			isa = PBXAggregateTarget;
			buildConfigurationList = 02EEFE7D0CA6B55A007006DE /* Build configuration list for PBXAggregateTarget "Documentation" */;
			buildPhases = (
				02EEFE7B0CA6B53C007006DE /* ShellScript */,
			);
			dependencies = (
			);
			name = Documentation;
			productName = Documentation;
		};
/* End PBXAggregateTarget section */

/* Begin PBXBuildFile section */
		02433DB00C9DE06D00FE5892 /* FSKConnection.h in Headers */ = {isa = PBXBuildFile; fileRef = 02433DAC0C9DE06D00FE5892 /* FSKConnection.h */; settings = {ATTRIBUTES = (Public, ); }; };
		02433DB10C9DE06D00FE5892 /* FSKConnection.m in Sources */ = {isa = PBXBuildFile; fileRef = 02433DAD0C9DE06D00FE5892 /* FSKConnection.m */; };
		02433DD30C9DE45500FE5892 /* FSKServiceBase.h in Headers */ = {isa = PBXBuildFile; fileRef = 02433DD10C9DE45500FE5892 /* FSKServiceBase.h */; settings = {ATTRIBUTES = (Public, ); }; };
		02433DD40C9DE45500FE5892 /* FSKServiceBase.m in Sources */ = {isa = PBXBuildFile; fileRef = 02433DD20C9DE45500FE5892 /* FSKServiceBase.m */; };
		02433DD90C9DE49C00FE5892 /* FSKFamilyTreeService.h in Headers */ = {isa = PBXBuildFile; fileRef = 02433DD70C9DE49C00FE5892 /* FSKFamilyTreeService.h */; settings = {ATTRIBUTES = (Public, ); }; };
		02433DDA0C9DE49C00FE5892 /* FSKFamilyTreeService.m in Sources */ = {isa = PBXBuildFile; fileRef = 02433DD80C9DE49C00FE5892 /* FSKFamilyTreeService.m */; };
		02433DDF0C9DE4BB00FE5892 /* FSKAuthoritiesService.h in Headers */ = {isa = PBXBuildFile; fileRef = 02433DDD0C9DE4BB00FE5892 /* FSKAuthoritiesService.h */; settings = {ATTRIBUTES = (Public, ); }; };
		02433DE00C9DE4BB00FE5892 /* FSKAuthoritiesService.m in Sources */ = {isa = PBXBuildFile; fileRef = 02433DDE0C9DE4BB00FE5892 /* FSKAuthoritiesService.m */; };
		02433DE50C9DE4C400FE5892 /* FSKTempleService.h in Headers */ = {isa = PBXBuildFile; fileRef = 02433DE30C9DE4C400FE5892 /* FSKTempleService.h */; settings = {ATTRIBUTES = (Public, ); }; };
		02433DE60C9DE4C400FE5892 /* FSKTempleService.m in Sources */ = {isa = PBXBuildFile; fileRef = 02433DE40C9DE4C400FE5892 /* FSKTempleService.m */; };
		02439C700D43949300F50EBD /* FSKRequest.h in Headers */ = {isa = PBXBuildFile; fileRef = 02439C6D0D43949200F50EBD /* FSKRequest.h */; settings = {ATTRIBUTES = (Public, ); }; };
		02439C710D43949300F50EBD /* FSKRequest.m in Sources */ = {isa = PBXBuildFile; fileRef = 02439C6E0D43949200F50EBD /* FSKRequest.m */; };
		02596CEE0D4D6E7E00AB8632 /* FSKIdentityResponse.h in Headers */ = {isa = PBXBuildFile; fileRef = 02596CEC0D4D6E7E00AB8632 /* FSKIdentityResponse.h */; settings = {ATTRIBUTES = (Public, ); }; };
		02596CEF0D4D6E7E00AB8632 /* FSKIdentityResponse.m in Sources */ = {isa = PBXBuildFile; fileRef = 02596CED0D4D6E7E00AB8632 /* FSKIdentityResponse.m */; };
		026D89240D3A93E70046406A /* FSKit.h in Headers */ = {isa = PBXBuildFile; fileRef = 026D89230D3A93E70046406A /* FSKit.h */; settings = {ATTRIBUTES = (Public, ); }; };
		027148710D709A1600072118 /* main.m in Sources */ = {isa = PBXBuildFile; fileRef = 02BA98020D7068CF00DC6E04 /* main.m */; };
		027148720D709A1700072118 /* version.plist in Resources */ = {isa = PBXBuildFile; fileRef = 02BA98050D7068CF00DC6E04 /* version.plist */; };
		027148730D709A1800072118 /* MyAppDelegate.m in Sources */ = {isa = PBXBuildFile; fileRef = 02BA98040D7068CF00DC6E04 /* MyAppDelegate.m */; };
		027148740D709A1800072118 /* Info.plist in Resources */ = {isa = PBXBuildFile; fileRef = 02BA98010D7068CF00DC6E04 /* Info.plist */; };
		0271488C0D709D4D00072118 /* FSKit.framework in Frameworks */ = {isa = PBXBuildFile; fileRef = 8DC2EF5B0486A6940098B216 /* FSKit.framework */; };
		0271489F0D709D5800072118 /* AppKit.framework in Frameworks */ = {isa = PBXBuildFile; fileRef = 0867D6A5FE840307C02AAC07 /* AppKit.framework */; };
		027149440D709D5C00072118 /* Cocoa.framework in Frameworks */ = {isa = PBXBuildFile; fileRef = 1058C7B1FEA5585E11CA2CBB /* Cocoa.framework */; };
		027149800D709D9E00072118 /* FSKit.framework in CopyFiles */ = {isa = PBXBuildFile; fileRef = 8DC2EF5B0486A6940098B216 /* FSKit.framework */; };
		0271499D0D709E3500072118 /* InfoPlist.strings in Resources */ = {isa = PBXBuildFile; fileRef = 02BA97F70D7068CF00DC6E04 /* InfoPlist.strings */; };
		027149A00D709E3C00072118 /* MainMenu.nib in Resources */ = {isa = PBXBuildFile; fileRef = 02BA97F90D7068CF00DC6E04 /* MainMenu.nib */; };
		02810C1E0D4427C2003E36B7 /* FSKIdentityService.h in Headers */ = {isa = PBXBuildFile; fileRef = 02810C1C0D4427C2003E36B7 /* FSKIdentityService.h */; settings = {ATTRIBUTES = (Public, ); }; };
		02810C1F0D4427C2003E36B7 /* FSKIdentityService.m in Sources */ = {isa = PBXBuildFile; fileRef = 02810C1D0D4427C2003E36B7 /* FSKIdentityService.m */; };
		02810C5F0D477585003E36B7 /* FSKIdentityRequest.h in Headers */ = {isa = PBXBuildFile; fileRef = 02810C5D0D477585003E36B7 /* FSKIdentityRequest.h */; settings = {ATTRIBUTES = (Public, ); }; };
		02810C600D477585003E36B7 /* FSKIdentityRequest.m in Sources */ = {isa = PBXBuildFile; fileRef = 02810C5E0D477585003E36B7 /* FSKIdentityRequest.m */; };
		02810DD20D4995E5003E36B7 /* FSKLoginController.h in Headers */ = {isa = PBXBuildFile; fileRef = 02810DD00D4995E5003E36B7 /* FSKLoginController.h */; settings = {ATTRIBUTES = (Public, ); }; };
		02810DD30D4995E5003E36B7 /* FSKLoginController.m in Sources */ = {isa = PBXBuildFile; fileRef = 02810DD10D4995E5003E36B7 /* FSKLoginController.m */; };
		02810E0E0D49B146003E36B7 /* Cocoa.framework in Frameworks */ = {isa = PBXBuildFile; fileRef = 1058C7B1FEA5585E11CA2CBB /* Cocoa.framework */; };
		029BE8A70CDDFF3D0096B9F9 /* Foundation.framework in Frameworks */ = {isa = PBXBuildFile; fileRef = 0867D69BFE84028FC02AAC07 /* Foundation.framework */; };
		02D2CD320CC3127B0013D298 /* FSKit.framework in Frameworks */ = {isa = PBXBuildFile; fileRef = 8DC2EF5B0486A6940098B216 /* FSKit.framework */; };
		02D2CD460CC3139D0013D298 /* FSKConnectionTest.m in Sources */ = {isa = PBXBuildFile; fileRef = 02D2CD450CC3139D0013D298 /* FSKConnectionTest.m */; };
		02F19D0D0D4A236E0047B392 /* Security.framework in Frameworks */ = {isa = PBXBuildFile; fileRef = 02F19D0C0D4A236E0047B392 /* Security.framework */; };
		02F19E5A0D4B78220047B392 /* LoginPanel.xib in Resources */ = {isa = PBXBuildFile; fileRef = 02F19E590D4B78220047B392 /* LoginPanel.xib */; };
		02F19E600D4B82410047B392 /* FSKResponse.h in Headers */ = {isa = PBXBuildFile; fileRef = 02F19E5E0D4B82410047B392 /* FSKResponse.h */; settings = {ATTRIBUTES = (Public, ); }; };
		02F19E610D4B82410047B392 /* FSKResponse.m in Sources */ = {isa = PBXBuildFile; fileRef = 02F19E5F0D4B82410047B392 /* FSKResponse.m */; };
		02F19E640D4B84DA0047B392 /* FSKError.h in Headers */ = {isa = PBXBuildFile; fileRef = 02F19E620D4B84DA0047B392 /* FSKError.h */; settings = {ATTRIBUTES = (Public, ); }; };
		02F19E650D4B84DA0047B392 /* FSKError.m in Sources */ = {isa = PBXBuildFile; fileRef = 02F19E630D4B84DA0047B392 /* FSKError.m */; };
		02F1A07E0D4CEED70047B392 /* MIT-License.rtf in Resources */ = {isa = PBXBuildFile; fileRef = 02F1A07B0D4CEED70047B392 /* MIT-License.rtf */; };
		02F1A07F0D4CEED70047B392 /* NSData+RSHexDump.h in Headers */ = {isa = PBXBuildFile; fileRef = 02F1A07C0D4CEED70047B392 /* NSData+RSHexDump.h */; };
		02F1A0800D4CEED70047B392 /* NSData+RSHexDump.m in Sources */ = {isa = PBXBuildFile; fileRef = 02F1A07D0D4CEED70047B392 /* NSData+RSHexDump.m */; };
		8DC2EF530486A6940098B216 /* InfoPlist.strings in Resources */ = {isa = PBXBuildFile; fileRef = 089C1666FE841158C02AAC07 /* InfoPlist.strings */; };
/* End PBXBuildFile section */

/* Begin PBXContainerItemProxy section */
		0271486E0D7099DB00072118 /* PBXContainerItemProxy */ = {
			isa = PBXContainerItemProxy;
			containerPortal = 0867D690FE84028FC02AAC07 /* Project object */;
			proxyType = 1;
			remoteGlobalIDString = 8DC2EF4F0486A6940098B216 /* FSKit */;
			remoteInfo = FSKit;
		};
		027149D00D70A08200072118 /* PBXContainerItemProxy */ = {
			isa = PBXContainerItemProxy;
			containerPortal = 0867D690FE84028FC02AAC07 /* Project object */;
			proxyType = 1;
			remoteGlobalIDString = 8DC2EF4F0486A6940098B216 /* FSKit */;
			remoteInfo = FSKit;
		};
		027149D20D70A08200072118 /* PBXContainerItemProxy */ = {
			isa = PBXContainerItemProxy;
			containerPortal = 0867D690FE84028FC02AAC07 /* Project object */;
			proxyType = 1;
			remoteGlobalIDString = 02EEFE7C0CA6B53C007006DE /* Documentation */;
			remoteInfo = Documentation;
		};
		027149D40D70A08200072118 /* PBXContainerItemProxy */ = {
			isa = PBXContainerItemProxy;
			containerPortal = 0867D690FE84028FC02AAC07 /* Project object */;
			proxyType = 1;
			remoteGlobalIDString = 02D2CD2B0CC311600013D298 /* Unit Tests */;
			remoteInfo = "Unit Tests";
		};
		027149D60D70A08200072118 /* PBXContainerItemProxy */ = {
			isa = PBXContainerItemProxy;
			containerPortal = 0867D690FE84028FC02AAC07 /* Project object */;
			proxyType = 1;
			remoteGlobalIDString = 027148660D7099D000072118 /* FSAppTest */;
			remoteInfo = FSAppTest;
		};
		02D2CD640CC317130013D298 /* PBXContainerItemProxy */ = {
			isa = PBXContainerItemProxy;
			containerPortal = 0867D690FE84028FC02AAC07 /* Project object */;
			proxyType = 1;
			remoteGlobalIDString = 8DC2EF4F0486A6940098B216;
			remoteInfo = FSKit;
		};
/* End PBXContainerItemProxy section */

/* Begin PBXCopyFilesBuildPhase section */
		0271494A0D709D7300072118 /* CopyFiles */ = {
			isa = PBXCopyFilesBuildPhase;
			buildActionMask = 2147483647;
			dstPath = "";
			dstSubfolderSpec = 10;
			files = (
				027149800D709D9E00072118 /* FSKit.framework in CopyFiles */,
			);
			runOnlyForDeploymentPostprocessing = 0;
		};
/* End PBXCopyFilesBuildPhase section */

/* Begin PBXFileReference section */
		02433DAC0C9DE06D00FE5892 /* FSKConnection.h */ = {isa = PBXFileReference; fileEncoding = 4; lastKnownFileType = sourcecode.c.h; path = FSKConnection.h; sourceTree = "<group>"; };
		02433DAD0C9DE06D00FE5892 /* FSKConnection.m */ = {isa = PBXFileReference; fileEncoding = 4; lastKnownFileType = sourcecode.c.objc; path = FSKConnection.m; sourceTree = "<group>"; };
		02433DD10C9DE45500FE5892 /* FSKServiceBase.h */ = {isa = PBXFileReference; fileEncoding = 4; lastKnownFileType = sourcecode.c.h; path = FSKServiceBase.h; sourceTree = "<group>"; };
		02433DD20C9DE45500FE5892 /* FSKServiceBase.m */ = {isa = PBXFileReference; fileEncoding = 4; lastKnownFileType = sourcecode.c.objc; path = FSKServiceBase.m; sourceTree = "<group>"; };
		02433DD70C9DE49C00FE5892 /* FSKFamilyTreeService.h */ = {isa = PBXFileReference; fileEncoding = 4; lastKnownFileType = sourcecode.c.h; path = FSKFamilyTreeService.h; sourceTree = "<group>"; };
		02433DD80C9DE49C00FE5892 /* FSKFamilyTreeService.m */ = {isa = PBXFileReference; fileEncoding = 4; lastKnownFileType = sourcecode.c.objc; path = FSKFamilyTreeService.m; sourceTree = "<group>"; };
		02433DDD0C9DE4BB00FE5892 /* FSKAuthoritiesService.h */ = {isa = PBXFileReference; fileEncoding = 4; lastKnownFileType = sourcecode.c.h; path = FSKAuthoritiesService.h; sourceTree = "<group>"; };
		02433DDE0C9DE4BB00FE5892 /* FSKAuthoritiesService.m */ = {isa = PBXFileReference; fileEncoding = 4; lastKnownFileType = sourcecode.c.objc; path = FSKAuthoritiesService.m; sourceTree = "<group>"; };
		02433DE30C9DE4C400FE5892 /* FSKTempleService.h */ = {isa = PBXFileReference; fileEncoding = 4; lastKnownFileType = sourcecode.c.h; path = FSKTempleService.h; sourceTree = "<group>"; };
		02433DE40C9DE4C400FE5892 /* FSKTempleService.m */ = {isa = PBXFileReference; fileEncoding = 4; lastKnownFileType = sourcecode.c.objc; path = FSKTempleService.m; sourceTree = "<group>"; };
		02439C6D0D43949200F50EBD /* FSKRequest.h */ = {isa = PBXFileReference; fileEncoding = 4; lastKnownFileType = sourcecode.c.h; path = FSKRequest.h; sourceTree = "<group>"; };
		02439C6E0D43949200F50EBD /* FSKRequest.m */ = {isa = PBXFileReference; fileEncoding = 4; lastKnownFileType = sourcecode.c.objc; path = FSKRequest.m; sourceTree = "<group>"; };
		02596CEC0D4D6E7E00AB8632 /* FSKIdentityResponse.h */ = {isa = PBXFileReference; fileEncoding = 4; lastKnownFileType = sourcecode.c.h; path = FSKIdentityResponse.h; sourceTree = "<group>"; };
		02596CED0D4D6E7E00AB8632 /* FSKIdentityResponse.m */ = {isa = PBXFileReference; fileEncoding = 4; lastKnownFileType = sourcecode.c.objc; path = FSKIdentityResponse.m; sourceTree = "<group>"; };
		026D89230D3A93E70046406A /* FSKit.h */ = {isa = PBXFileReference; fileEncoding = 4; lastKnownFileType = sourcecode.c.h; path = FSKit.h; sourceTree = "<group>"; };
		027148670D7099D000072118 /* FSAppTest.app */ = {isa = PBXFileReference; explicitFileType = wrapper.application; includeInIndex = 0; path = FSAppTest.app; sourceTree = BUILT_PRODUCTS_DIR; };
		027148690D7099D100072118 /* FSAppTest-Info.plist */ = {isa = PBXFileReference; lastKnownFileType = text.xml; path = "FSAppTest-Info.plist"; sourceTree = "<group>"; };
		02810C1C0D4427C2003E36B7 /* FSKIdentityService.h */ = {isa = PBXFileReference; fileEncoding = 4; lastKnownFileType = sourcecode.c.h; path = FSKIdentityService.h; sourceTree = "<group>"; };
		02810C1D0D4427C2003E36B7 /* FSKIdentityService.m */ = {isa = PBXFileReference; fileEncoding = 4; lastKnownFileType = sourcecode.c.objc; path = FSKIdentityService.m; sourceTree = "<group>"; };
		02810C5D0D477585003E36B7 /* FSKIdentityRequest.h */ = {isa = PBXFileReference; fileEncoding = 4; lastKnownFileType = sourcecode.c.h; path = FSKIdentityRequest.h; sourceTree = "<group>"; };
		02810C5E0D477585003E36B7 /* FSKIdentityRequest.m */ = {isa = PBXFileReference; fileEncoding = 4; lastKnownFileType = sourcecode.c.objc; path = FSKIdentityRequest.m; sourceTree = "<group>"; };
		02810DD00D4995E5003E36B7 /* FSKLoginController.h */ = {isa = PBXFileReference; fileEncoding = 4; lastKnownFileType = sourcecode.c.h; path = FSKLoginController.h; sourceTree = "<group>"; };
		02810DD10D4995E5003E36B7 /* FSKLoginController.m */ = {isa = PBXFileReference; fileEncoding = 4; lastKnownFileType = sourcecode.c.objc; path = FSKLoginController.m; sourceTree = "<group>"; };
		02BA97F80D7068CF00DC6E04 /* English */ = {isa = PBXFileReference; fileEncoding = 4; lastKnownFileType = text.plist.strings; name = English; path = English.lproj/InfoPlist.strings; sourceTree = "<group>"; };
		02BA97FA0D7068CF00DC6E04 /* English */ = {isa = PBXFileReference; lastKnownFileType = wrapper.nib; name = English; path = English.lproj/MainMenu.nib; sourceTree = "<group>"; };
		02BA97FC0D7068CF00DC6E04 /* English */ = {isa = PBXFileReference; lastKnownFileType = wrapper.nib; name = English; path = "English.lproj/MainMenu~.nib"; sourceTree = "<group>"; };
		02BA98000D7068CF00DC6E04 /* FSAppTest_Prefix.pch */ = {isa = PBXFileReference; fileEncoding = 4; lastKnownFileType = sourcecode.c.h; path = FSAppTest_Prefix.pch; sourceTree = "<group>"; };
		02BA98010D7068CF00DC6E04 /* Info.plist */ = {isa = PBXFileReference; fileEncoding = 4; lastKnownFileType = text.xml; path = Info.plist; sourceTree = "<group>"; };
		02BA98020D7068CF00DC6E04 /* main.m */ = {isa = PBXFileReference; fileEncoding = 4; lastKnownFileType = sourcecode.c.objc; path = main.m; sourceTree = "<group>"; };
		02BA98030D7068CF00DC6E04 /* MyAppDelegate.h */ = {isa = PBXFileReference; fileEncoding = 4; lastKnownFileType = sourcecode.c.h; path = MyAppDelegate.h; sourceTree = "<group>"; };
		02BA98040D7068CF00DC6E04 /* MyAppDelegate.m */ = {isa = PBXFileReference; fileEncoding = 4; lastKnownFileType = sourcecode.c.objc; path = MyAppDelegate.m; sourceTree = "<group>"; };
		02BA98050D7068CF00DC6E04 /* version.plist */ = {isa = PBXFileReference; fileEncoding = 4; lastKnownFileType = text.xml; path = version.plist; sourceTree = "<group>"; };
		02D2CD2C0CC311600013D298 /* Unit Tests.octest */ = {isa = PBXFileReference; explicitFileType = wrapper.cfbundle; includeInIndex = 0; path = "Unit Tests.octest"; sourceTree = BUILT_PRODUCTS_DIR; };
		02D2CD2D0CC311600013D298 /* Unit Tests-Info.plist */ = {isa = PBXFileReference; lastKnownFileType = text.xml; path = "Unit Tests-Info.plist"; sourceTree = "<group>"; };
		02D2CD440CC3139D0013D298 /* FSKConnectionTest.h */ = {isa = PBXFileReference; fileEncoding = 4; lastKnownFileType = sourcecode.c.h; name = FSKConnectionTest.h; path = Tests/FSKConnectionTest.h; sourceTree = "<group>"; };
		02D2CD450CC3139D0013D298 /* FSKConnectionTest.m */ = {isa = PBXFileReference; fileEncoding = 4; lastKnownFileType = sourcecode.c.objc; name = FSKConnectionTest.m; path = Tests/FSKConnectionTest.m; sourceTree = "<group>"; };
		02EEFE650CA6B341007006DE /* README.txt */ = {isa = PBXFileReference; fileEncoding = 4; lastKnownFileType = text; path = README.txt; sourceTree = "<group>"; };
		02EEFE660CA6B341007006DE /* CHANGELOG.txt */ = {isa = PBXFileReference; fileEncoding = 4; lastKnownFileType = text; path = CHANGELOG.txt; sourceTree = "<group>"; };
		02EEFE670CA6B341007006DE /* LICENSE.txt */ = {isa = PBXFileReference; fileEncoding = 4; lastKnownFileType = text; path = LICENSE.txt; sourceTree = "<group>"; };
		02EEFE680CA6B341007006DE /* ACKNOWLEDGMENTS.txt */ = {isa = PBXFileReference; fileEncoding = 4; lastKnownFileType = text; path = ACKNOWLEDGMENTS.txt; sourceTree = "<group>"; };
		02EEFE820CA6B5B3007006DE /* headerDoc2HTML.config */ = {isa = PBXFileReference; fileEncoding = 4; lastKnownFileType = text; name = headerDoc2HTML.config; path = Source/headerDoc2HTML.config; sourceTree = "<group>"; };
		02EEFE830CA6B5B3007006DE /* toctemplate.html */ = {isa = PBXFileReference; fileEncoding = 4; lastKnownFileType = text.html; name = toctemplate.html; path = Source/toctemplate.html; sourceTree = "<group>"; };
		02EEFE840CA6B5B3007006DE /* Framework.hdoc */ = {isa = PBXFileReference; fileEncoding = 4; lastKnownFileType = text; name = Framework.hdoc; path = Source/Framework.hdoc; sourceTree = "<group>"; };
		02F19D0C0D4A236E0047B392 /* Security.framework */ = {isa = PBXFileReference; lastKnownFileType = wrapper.framework; name = Security.framework; path = /System/Library/Frameworks/Security.framework; sourceTree = "<absolute>"; };
		02F19E590D4B78220047B392 /* LoginPanel.xib */ = {isa = PBXFileReference; lastKnownFileType = text.xml; path = LoginPanel.xib; sourceTree = "<group>"; };
		02F19E5E0D4B82410047B392 /* FSKResponse.h */ = {isa = PBXFileReference; fileEncoding = 4; lastKnownFileType = sourcecode.c.h; path = FSKResponse.h; sourceTree = "<group>"; };
		02F19E5F0D4B82410047B392 /* FSKResponse.m */ = {isa = PBXFileReference; fileEncoding = 4; lastKnownFileType = sourcecode.c.objc; path = FSKResponse.m; sourceTree = "<group>"; };
		02F19E620D4B84DA0047B392 /* FSKError.h */ = {isa = PBXFileReference; fileEncoding = 4; lastKnownFileType = sourcecode.c.h; path = FSKError.h; sourceTree = "<group>"; };
		02F19E630D4B84DA0047B392 /* FSKError.m */ = {isa = PBXFileReference; fileEncoding = 4; lastKnownFileType = sourcecode.c.objc; path = FSKError.m; sourceTree = "<group>"; };
		02F1A07B0D4CEED70047B392 /* MIT-License.rtf */ = {isa = PBXFileReference; lastKnownFileType = text.rtf; path = "MIT-License.rtf"; sourceTree = "<group>"; };
		02F1A07C0D4CEED70047B392 /* NSData+RSHexDump.h */ = {isa = PBXFileReference; fileEncoding = 4; lastKnownFileType = sourcecode.c.h; path = "NSData+RSHexDump.h"; sourceTree = "<group>"; };
		02F1A07D0D4CEED70047B392 /* NSData+RSHexDump.m */ = {isa = PBXFileReference; fileEncoding = 4; lastKnownFileType = sourcecode.c.objc; path = "NSData+RSHexDump.m"; sourceTree = "<group>"; };
		0867D69BFE84028FC02AAC07 /* Foundation.framework */ = {isa = PBXFileReference; lastKnownFileType = wrapper.framework; name = Foundation.framework; path = /System/Library/Frameworks/Foundation.framework; sourceTree = "<absolute>"; };
		0867D6A5FE840307C02AAC07 /* AppKit.framework */ = {isa = PBXFileReference; lastKnownFileType = wrapper.framework; name = AppKit.framework; path = /System/Library/Frameworks/AppKit.framework; sourceTree = "<absolute>"; };
		089C1667FE841158C02AAC07 /* English */ = {isa = PBXFileReference; fileEncoding = 10; lastKnownFileType = text.plist.strings; name = English; path = English.lproj/InfoPlist.strings; sourceTree = "<group>"; };
		1058C7B1FEA5585E11CA2CBB /* Cocoa.framework */ = {isa = PBXFileReference; lastKnownFileType = wrapper.framework; name = Cocoa.framework; path = /System/Library/Frameworks/Cocoa.framework; sourceTree = "<absolute>"; };
		32DBCF5E0370ADEE00C91783 /* FSKit_Prefix.pch */ = {isa = PBXFileReference; fileEncoding = 4; lastKnownFileType = sourcecode.c.h; name = FSKit_Prefix.pch; path = ../FSKit_Prefix.pch; sourceTree = "<group>"; };
		8DC2EF5A0486A6940098B216 /* Info.plist */ = {isa = PBXFileReference; fileEncoding = 4; lastKnownFileType = text.xml; path = Info.plist; sourceTree = "<group>"; };
		8DC2EF5B0486A6940098B216 /* FSKit.framework */ = {isa = PBXFileReference; explicitFileType = wrapper.framework; includeInIndex = 0; path = FSKit.framework; sourceTree = BUILT_PRODUCTS_DIR; };
/* End PBXFileReference section */

/* Begin PBXFrameworksBuildPhase section */
		027148650D7099D000072118 /* Frameworks */ = {
			isa = PBXFrameworksBuildPhase;
			buildActionMask = 2147483647;
			files = (
				027149440D709D5C00072118 /* Cocoa.framework in Frameworks */,
				0271489F0D709D5800072118 /* AppKit.framework in Frameworks */,
				0271488C0D709D4D00072118 /* FSKit.framework in Frameworks */,
			);
			runOnlyForDeploymentPostprocessing = 0;
		};
		02D2CD290CC311600013D298 /* Frameworks */ = {
			isa = PBXFrameworksBuildPhase;
			buildActionMask = 2147483647;
			files = (
				02D2CD320CC3127B0013D298 /* FSKit.framework in Frameworks */,
			);
			runOnlyForDeploymentPostprocessing = 0;
		};
		8DC2EF560486A6940098B216 /* Frameworks */ = {
			isa = PBXFrameworksBuildPhase;
			buildActionMask = 2147483647;
			files = (
				02810E0E0D49B146003E36B7 /* Cocoa.framework in Frameworks */,
				029BE8A70CDDFF3D0096B9F9 /* Foundation.framework in Frameworks */,
				02F19D0D0D4A236E0047B392 /* Security.framework in Frameworks */,
			);
			runOnlyForDeploymentPostprocessing = 0;
		};
/* End PBXFrameworksBuildPhase section */

/* Begin PBXGroup section */
		02439C5B0D43936B00F50EBD /* Services */ = {
			isa = PBXGroup;
			children = (
				02439C5F0D4393BC00F50EBD /* Family Tree */,
				02439C5D0D43939C00F50EBD /* Authorities */,
				02439C5E0D4393AA00F50EBD /* Temple */,
				02439C600D43940E00F50EBD /* Identity */,
				02439C610D43941500F50EBD /* Record Search */,
			);
			name = Services;
			sourceTree = "<group>";
		};
		02439C5D0D43939C00F50EBD /* Authorities */ = {
			isa = PBXGroup;
			children = (
				02433DDD0C9DE4BB00FE5892 /* FSKAuthoritiesService.h */,
				02433DDE0C9DE4BB00FE5892 /* FSKAuthoritiesService.m */,
			);
			name = Authorities;
			sourceTree = "<group>";
		};
		02439C5E0D4393AA00F50EBD /* Temple */ = {
			isa = PBXGroup;
			children = (
				02433DE30C9DE4C400FE5892 /* FSKTempleService.h */,
				02433DE40C9DE4C400FE5892 /* FSKTempleService.m */,
			);
			name = Temple;
			sourceTree = "<group>";
		};
		02439C5F0D4393BC00F50EBD /* Family Tree */ = {
			isa = PBXGroup;
			children = (
				02433DD70C9DE49C00FE5892 /* FSKFamilyTreeService.h */,
				02433DD80C9DE49C00FE5892 /* FSKFamilyTreeService.m */,
			);
			name = "Family Tree";
			sourceTree = "<group>";
		};
		02439C600D43940E00F50EBD /* Identity */ = {
			isa = PBXGroup;
			children = (
				02810C1C0D4427C2003E36B7 /* FSKIdentityService.h */,
				02810C1D0D4427C2003E36B7 /* FSKIdentityService.m */,
				02810C5D0D477585003E36B7 /* FSKIdentityRequest.h */,
				02810C5E0D477585003E36B7 /* FSKIdentityRequest.m */,
				02596CEC0D4D6E7E00AB8632 /* FSKIdentityResponse.h */,
				02596CED0D4D6E7E00AB8632 /* FSKIdentityResponse.m */,
			);
			name = Identity;
			sourceTree = "<group>";
		};
		02439C610D43941500F50EBD /* Record Search */ = {
			isa = PBXGroup;
			children = (
			);
			name = "Record Search";
			sourceTree = "<group>";
		};
		02810DCF0D499597003E36B7 /* UI */ = {
			isa = PBXGroup;
			children = (
				02810DD00D4995E5003E36B7 /* FSKLoginController.h */,
				02810DD10D4995E5003E36B7 /* FSKLoginController.m */,
			);
			name = UI;
			sourceTree = "<group>";
		};
		02BA97F30D70687900DC6E04 /* Sample Apps */ = {
			isa = PBXGroup;
			children = (
				02BA97F60D7068CF00DC6E04 /* FSAppTest */,
			);
			path = "Sample Apps";
			sourceTree = "<group>";
		};
		02BA97F60D7068CF00DC6E04 /* FSAppTest */ = {
			isa = PBXGroup;
			children = (
				02BA97F70D7068CF00DC6E04 /* InfoPlist.strings */,
				02BA97F90D7068CF00DC6E04 /* MainMenu.nib */,
				02BA97FB0D7068CF00DC6E04 /* MainMenu~.nib */,
				02BA98000D7068CF00DC6E04 /* FSAppTest_Prefix.pch */,
				02BA98010D7068CF00DC6E04 /* Info.plist */,
				02BA98020D7068CF00DC6E04 /* main.m */,
				02BA98030D7068CF00DC6E04 /* MyAppDelegate.h */,
				02BA98040D7068CF00DC6E04 /* MyAppDelegate.m */,
				02BA98050D7068CF00DC6E04 /* version.plist */,
			);
			path = FSAppTest;
			sourceTree = "<group>";
		};
		02D2CD480CC3147B0013D298 /* Tests */ = {
			isa = PBXGroup;
			children = (
				02D2CD440CC3139D0013D298 /* FSKConnectionTest.h */,
				02D2CD450CC3139D0013D298 /* FSKConnectionTest.m */,
			);
			name = Tests;
			sourceTree = "<group>";
		};
		02EEFE810CA6B5B3007006DE /* Documentation */ = {
			isa = PBXGroup;
			children = (
				02EEFE820CA6B5B3007006DE /* headerDoc2HTML.config */,
				02EEFE830CA6B5B3007006DE /* toctemplate.html */,
				02EEFE840CA6B5B3007006DE /* Framework.hdoc */,
			);
			name = Documentation;
			sourceTree = "<group>";
		};
		02F1A07A0D4CEED60047B392 /* NSData+RSHexDump */ = {
			isa = PBXGroup;
			children = (
				02F1A07B0D4CEED70047B392 /* MIT-License.rtf */,
				02F1A07C0D4CEED70047B392 /* NSData+RSHexDump.h */,
				02F1A07D0D4CEED70047B392 /* NSData+RSHexDump.m */,
			);
			path = "NSData+RSHexDump";
			sourceTree = "<group>";
		};
		034768DFFF38A50411DB9C8B /* Products */ = {
			isa = PBXGroup;
			children = (
				8DC2EF5B0486A6940098B216 /* FSKit.framework */,
				02D2CD2C0CC311600013D298 /* Unit Tests.octest */,
				027148670D7099D000072118 /* FSAppTest.app */,
			);
			name = Products;
			sourceTree = "<group>";
		};
		0867D691FE84028FC02AAC07 /* FSKit */ = {
			isa = PBXGroup;
			children = (
				02EEFE650CA6B341007006DE /* README.txt */,
				02EEFE660CA6B341007006DE /* CHANGELOG.txt */,
				02EEFE670CA6B341007006DE /* LICENSE.txt */,
				02EEFE680CA6B341007006DE /* ACKNOWLEDGMENTS.txt */,
				08FB77AEFE84172EC02AAC07 /* Classes */,
				02D2CD480CC3147B0013D298 /* Tests */,
				02BA97F30D70687900DC6E04 /* Sample Apps */,
				32C88DFF0371C24200C91783 /* Other Sources */,
				089C1665FE841158C02AAC07 /* Resources */,
				02EEFE810CA6B5B3007006DE /* Documentation */,
				0867D69AFE84028FC02AAC07 /* External Frameworks and Libraries */,
				034768DFFF38A50411DB9C8B /* Products */,
				02D2CD2D0CC311600013D298 /* Unit Tests-Info.plist */,
				027148690D7099D100072118 /* FSAppTest-Info.plist */,
			);
			name = FSKit;
			sourceTree = "<group>";
		};
		0867D69AFE84028FC02AAC07 /* External Frameworks and Libraries */ = {
			isa = PBXGroup;
			children = (
				1058C7B0FEA5585E11CA2CBB /* Linked Frameworks */,
				1058C7B2FEA5585E11CA2CBB /* Other Frameworks */,
			);
			name = "External Frameworks and Libraries";
			sourceTree = "<group>";
		};
		089C1665FE841158C02AAC07 /* Resources */ = {
			isa = PBXGroup;
			children = (
				02F19E590D4B78220047B392 /* LoginPanel.xib */,
				8DC2EF5A0486A6940098B216 /* Info.plist */,
				089C1666FE841158C02AAC07 /* InfoPlist.strings */,
			);
			name = Resources;
			sourceTree = "<group>";
		};
		08FB77AEFE84172EC02AAC07 /* Classes */ = {
			isa = PBXGroup;
			children = (
				026D89230D3A93E70046406A /* FSKit.h */,
				02433DAC0C9DE06D00FE5892 /* FSKConnection.h */,
				02433DAD0C9DE06D00FE5892 /* FSKConnection.m */,
				02439C6D0D43949200F50EBD /* FSKRequest.h */,
				02439C6E0D43949200F50EBD /* FSKRequest.m */,
				02F19E5E0D4B82410047B392 /* FSKResponse.h */,
				02F19E5F0D4B82410047B392 /* FSKResponse.m */,
				02F19E620D4B84DA0047B392 /* FSKError.h */,
				02F19E630D4B84DA0047B392 /* FSKError.m */,
				02433DD10C9DE45500FE5892 /* FSKServiceBase.h */,
				02433DD20C9DE45500FE5892 /* FSKServiceBase.m */,
				02439C5B0D43936B00F50EBD /* Services */,
				02810DCF0D499597003E36B7 /* UI */,
			);
			name = Classes;
			path = Source;
			sourceTree = "<group>";
		};
		1058C7B0FEA5585E11CA2CBB /* Linked Frameworks */ = {
			isa = PBXGroup;
			children = (
				02F19D0C0D4A236E0047B392 /* Security.framework */,
				1058C7B1FEA5585E11CA2CBB /* Cocoa.framework */,
			);
			name = "Linked Frameworks";
			sourceTree = "<group>";
		};
		1058C7B2FEA5585E11CA2CBB /* Other Frameworks */ = {
			isa = PBXGroup;
			children = (
				0867D6A5FE840307C02AAC07 /* AppKit.framework */,
				0867D69BFE84028FC02AAC07 /* Foundation.framework */,
			);
			name = "Other Frameworks";
			sourceTree = "<group>";
		};
		32C88DFF0371C24200C91783 /* Other Sources */ = {
			isa = PBXGroup;
			children = (
				02F1A07A0D4CEED60047B392 /* NSData+RSHexDump */,
				32DBCF5E0370ADEE00C91783 /* FSKit_Prefix.pch */,
			);
			name = "Other Sources";
			path = Source;
			sourceTree = "<group>";
		};
/* End PBXGroup section */

/* Begin PBXHeadersBuildPhase section */
		8DC2EF500486A6940098B216 /* Headers */ = {
			isa = PBXHeadersBuildPhase;
			buildActionMask = 2147483647;
			files = (
				02433DB00C9DE06D00FE5892 /* FSKConnection.h in Headers */,
				02433DD30C9DE45500FE5892 /* FSKServiceBase.h in Headers */,
				02433DD90C9DE49C00FE5892 /* FSKFamilyTreeService.h in Headers */,
				02433DDF0C9DE4BB00FE5892 /* FSKAuthoritiesService.h in Headers */,
				02433DE50C9DE4C400FE5892 /* FSKTempleService.h in Headers */,
				026D89240D3A93E70046406A /* FSKit.h in Headers */,
				02439C700D43949300F50EBD /* FSKRequest.h in Headers */,
				02810C1E0D4427C2003E36B7 /* FSKIdentityService.h in Headers */,
				02810C5F0D477585003E36B7 /* FSKIdentityRequest.h in Headers */,
				02810DD20D4995E5003E36B7 /* FSKLoginController.h in Headers */,
				02F19E600D4B82410047B392 /* FSKResponse.h in Headers */,
				02F19E640D4B84DA0047B392 /* FSKError.h in Headers */,
				02F1A07F0D4CEED70047B392 /* NSData+RSHexDump.h in Headers */,
				02596CEE0D4D6E7E00AB8632 /* FSKIdentityResponse.h in Headers */,
			);
			runOnlyForDeploymentPostprocessing = 0;
		};
/* End PBXHeadersBuildPhase section */

/* Begin PBXNativeTarget section */
		027148660D7099D000072118 /* FSAppTest */ = {
			isa = PBXNativeTarget;
			buildConfigurationList = 0271486A0D7099D200072118 /* Build configuration list for PBXNativeTarget "FSAppTest" */;
			buildPhases = (
				027148630D7099D000072118 /* Resources */,
				027148640D7099D000072118 /* Sources */,
				027148650D7099D000072118 /* Frameworks */,
				0271494A0D709D7300072118 /* CopyFiles */,
			);
			buildRules = (
			);
			dependencies = (
				0271486F0D7099DB00072118 /* PBXTargetDependency */,
			);
			name = FSAppTest;
			productName = FSAppTest;
			productReference = 027148670D7099D000072118 /* FSAppTest.app */;
			productType = "com.apple.product-type.application";
		};
		02D2CD2B0CC311600013D298 /* Unit Tests */ = {
			isa = PBXNativeTarget;
			buildConfigurationList = 02D2CD2E0CC311610013D298 /* Build configuration list for PBXNativeTarget "Unit Tests" */;
			buildPhases = (
				02D2CD270CC311600013D298 /* Resources */,
				02D2CD280CC311600013D298 /* Sources */,
				02D2CD290CC311600013D298 /* Frameworks */,
				02D2CD2A0CC311600013D298 /* ShellScript */,
			);
			buildRules = (
			);
			dependencies = (
				02D2CD650CC317130013D298 /* PBXTargetDependency */,
			);
			name = "Unit Tests";
			productName = "Unit Tests";
			productReference = 02D2CD2C0CC311600013D298 /* Unit Tests.octest */;
			productType = "com.apple.product-type.bundle";
		};
		8DC2EF4F0486A6940098B216 /* FSKit */ = {
			isa = PBXNativeTarget;
			buildConfigurationList = 1DEB91AD08733DA50010E9CD /* Build configuration list for PBXNativeTarget "FSKit" */;
			buildPhases = (
				8DC2EF500486A6940098B216 /* Headers */,
				8DC2EF520486A6940098B216 /* Resources */,
				8DC2EF540486A6940098B216 /* Sources */,
				8DC2EF560486A6940098B216 /* Frameworks */,
			);
			buildRules = (
			);
			dependencies = (
			);
			name = FSKit;
			productInstallPath = "$(HOME)/Library/Frameworks";
			productName = FSKit;
			productReference = 8DC2EF5B0486A6940098B216 /* FSKit.framework */;
			productType = "com.apple.product-type.framework";
		};
/* End PBXNativeTarget section */

/* Begin PBXProject section */
		0867D690FE84028FC02AAC07 /* Project object */ = {
			isa = PBXProject;
			buildConfigurationList = 1DEB91B108733DA50010E9CD /* Build configuration list for PBXProject "FSKit" */;
			hasScannedForEncodings = 1;
			mainGroup = 0867D691FE84028FC02AAC07 /* FSKit */;
			productRefGroup = 034768DFFF38A50411DB9C8B /* Products */;
			projectDirPath = "";
			projectRoot = "";
			targets = (
				027149CF0D70A07A00072118 /* All */,
				8DC2EF4F0486A6940098B216 /* FSKit */,
				02EEFE7C0CA6B53C007006DE /* Documentation */,
				02D2CD2B0CC311600013D298 /* Unit Tests */,
				027148660D7099D000072118 /* FSAppTest */,
			);
		};
/* End PBXProject section */

/* Begin PBXResourcesBuildPhase section */
		027148630D7099D000072118 /* Resources */ = {
			isa = PBXResourcesBuildPhase;
			buildActionMask = 2147483647;
			files = (
				027148720D709A1700072118 /* version.plist in Resources */,
				027148740D709A1800072118 /* Info.plist in Resources */,
				0271499D0D709E3500072118 /* InfoPlist.strings in Resources */,
				027149A00D709E3C00072118 /* MainMenu.nib in Resources */,
			);
			runOnlyForDeploymentPostprocessing = 0;
		};
		02D2CD270CC311600013D298 /* Resources */ = {
			isa = PBXResourcesBuildPhase;
			buildActionMask = 2147483647;
			files = (
			);
			runOnlyForDeploymentPostprocessing = 0;
		};
		8DC2EF520486A6940098B216 /* Resources */ = {
			isa = PBXResourcesBuildPhase;
			buildActionMask = 2147483647;
			files = (
				8DC2EF530486A6940098B216 /* InfoPlist.strings in Resources */,
				02F19E5A0D4B78220047B392 /* LoginPanel.xib in Resources */,
				02F1A07E0D4CEED70047B392 /* MIT-License.rtf in Resources */,
			);
			runOnlyForDeploymentPostprocessing = 0;
		};
/* End PBXResourcesBuildPhase section */

/* Begin PBXShellScriptBuildPhase section */
		02D2CD2A0CC311600013D298 /* ShellScript */ = {
			isa = PBXShellScriptBuildPhase;
			buildActionMask = 2147483647;
			files = (
			);
			inputPaths = (
			);
			outputPaths = (
			);
			runOnlyForDeploymentPostprocessing = 0;
			shellPath = /bin/sh;
			shellScript = "# Run the unit tests in this test bundle.\n\"${SYSTEM_DEVELOPER_DIR}/Tools/RunUnitTests\"\n# Run gcov on the framework getting tested \nif [ \"${CONFIGURATION}\" = 'Coverage' ]; then     \n\tFRAMEWORK_NAME=FSKit\n     FRAMEWORK_OBJ_DIR=${OBJROOT}/${FRAMEWORK_NAME}.build/${CONFIGURATION}/${FRAMEWORK_NAME}.build/Objects-normal/${NATIVE_ARCH}\n     mkdir -p coverage\n     pushd coverage\n     find ${OBJROOT} -name *.gcda -exec gcov -o ${FRAMEWORK_OBJ_DIR} {} \\;\n     popd\nfi";
		};
		02EEFE7B0CA6B53C007006DE /* ShellScript */ = {
			isa = PBXShellScriptBuildPhase;
			buildActionMask = 2147483647;
			files = (
			);
			inputPaths = (
			);
			outputPaths = (
			);
			runOnlyForDeploymentPostprocessing = 0;
			shellPath = /bin/sh;
			shellScript = "# shell script goes here\nmkdir -p $BUILT_PRODUCTS_DIR/Documentation\ncd $SRCROOT/Source\nheaderdoc2html -o $BUILT_PRODUCTS_DIR/Documentation $SRCROOT/Source/*.h\nheaderdoc2html -o $BUILT_PRODUCTS_DIR/Documentation $SRCROOT/Source/Framework.hdoc\ngatherheaderdoc $BUILT_PRODUCTS_DIR/Documentation index.html\nexit 0\n";
		};
/* End PBXShellScriptBuildPhase section */

/* Begin PBXSourcesBuildPhase section */
		027148640D7099D000072118 /* Sources */ = {
			isa = PBXSourcesBuildPhase;
			buildActionMask = 2147483647;
			files = (
				027148710D709A1600072118 /* main.m in Sources */,
				027148730D709A1800072118 /* MyAppDelegate.m in Sources */,
			);
			runOnlyForDeploymentPostprocessing = 0;
		};
		02D2CD280CC311600013D298 /* Sources */ = {
			isa = PBXSourcesBuildPhase;
			buildActionMask = 2147483647;
			files = (
				02D2CD460CC3139D0013D298 /* FSKConnectionTest.m in Sources */,
			);
			runOnlyForDeploymentPostprocessing = 0;
		};
		8DC2EF540486A6940098B216 /* Sources */ = {
			isa = PBXSourcesBuildPhase;
			buildActionMask = 2147483647;
			files = (
				02433DB10C9DE06D00FE5892 /* FSKConnection.m in Sources */,
				02433DD40C9DE45500FE5892 /* FSKServiceBase.m in Sources */,
				02433DDA0C9DE49C00FE5892 /* FSKFamilyTreeService.m in Sources */,
				02433DE00C9DE4BB00FE5892 /* FSKAuthoritiesService.m in Sources */,
				02433DE60C9DE4C400FE5892 /* FSKTempleService.m in Sources */,
				02439C710D43949300F50EBD /* FSKRequest.m in Sources */,
				02810C1F0D4427C2003E36B7 /* FSKIdentityService.m in Sources */,
				02810C600D477585003E36B7 /* FSKIdentityRequest.m in Sources */,
				02810DD30D4995E5003E36B7 /* FSKLoginController.m in Sources */,
				02F19E610D4B82410047B392 /* FSKResponse.m in Sources */,
				02F19E650D4B84DA0047B392 /* FSKError.m in Sources */,
				02F1A0800D4CEED70047B392 /* NSData+RSHexDump.m in Sources */,
				02596CEF0D4D6E7E00AB8632 /* FSKIdentityResponse.m in Sources */,
			);
			runOnlyForDeploymentPostprocessing = 0;
		};
/* End PBXSourcesBuildPhase section */

/* Begin PBXTargetDependency section */
		0271486F0D7099DB00072118 /* PBXTargetDependency */ = {
			isa = PBXTargetDependency;
			target = 8DC2EF4F0486A6940098B216 /* FSKit */;
			targetProxy = 0271486E0D7099DB00072118 /* PBXContainerItemProxy */;
		};
		027149D10D70A08200072118 /* PBXTargetDependency */ = {
			isa = PBXTargetDependency;
			target = 8DC2EF4F0486A6940098B216 /* FSKit */;
			targetProxy = 027149D00D70A08200072118 /* PBXContainerItemProxy */;
		};
		027149D30D70A08200072118 /* PBXTargetDependency */ = {
			isa = PBXTargetDependency;
			target = 02EEFE7C0CA6B53C007006DE /* Documentation */;
			targetProxy = 027149D20D70A08200072118 /* PBXContainerItemProxy */;
		};
		027149D50D70A08200072118 /* PBXTargetDependency */ = {
			isa = PBXTargetDependency;
			target = 02D2CD2B0CC311600013D298 /* Unit Tests */;
			targetProxy = 027149D40D70A08200072118 /* PBXContainerItemProxy */;
		};
		027149D70D70A08200072118 /* PBXTargetDependency */ = {
			isa = PBXTargetDependency;
			target = 027148660D7099D000072118 /* FSAppTest */;
			targetProxy = 027149D60D70A08200072118 /* PBXContainerItemProxy */;
		};
		02D2CD650CC317130013D298 /* PBXTargetDependency */ = {
			isa = PBXTargetDependency;
			target = 8DC2EF4F0486A6940098B216 /* FSKit */;
			targetProxy = 02D2CD640CC317130013D298 /* PBXContainerItemProxy */;
		};
/* End PBXTargetDependency section */

/* Begin PBXVariantGroup section */
		02BA97F70D7068CF00DC6E04 /* InfoPlist.strings */ = {
			isa = PBXVariantGroup;
			children = (
				02BA97F80D7068CF00DC6E04 /* English */,
			);
			name = InfoPlist.strings;
			sourceTree = "<group>";
		};
		02BA97F90D7068CF00DC6E04 /* MainMenu.nib */ = {
			isa = PBXVariantGroup;
			children = (
				02BA97FA0D7068CF00DC6E04 /* English */,
			);
			name = MainMenu.nib;
			sourceTree = "<group>";
		};
		02BA97FB0D7068CF00DC6E04 /* MainMenu~.nib */ = {
			isa = PBXVariantGroup;
			children = (
				02BA97FC0D7068CF00DC6E04 /* English */,
			);
			name = "MainMenu~.nib";
			sourceTree = "<group>";
		};
		089C1666FE841158C02AAC07 /* InfoPlist.strings */ = {
			isa = PBXVariantGroup;
			children = (
				089C1667FE841158C02AAC07 /* English */,
			);
			name = InfoPlist.strings;
			sourceTree = "<group>";
		};
/* End PBXVariantGroup section */

/* Begin XCBuildConfiguration section */
		020438B90D5EBD7C00A309AC /* Coverage */ = {
			isa = XCBuildConfiguration;
			buildSettings = {
				GCC_WARN_ABOUT_RETURN_TYPE = YES;
				GCC_WARN_UNUSED_VARIABLE = YES;
				PREBINDING = NO;
				SDKROOT = /Developer/SDKs/MacOSX10.4u.sdk;
			};
			name = Coverage;
		};
		020438BA0D5EBD7C00A309AC /* Coverage */ = {
			isa = XCBuildConfiguration;
			buildSettings = {
				COPY_PHASE_STRIP = NO;
				DYLIB_COMPATIBILITY_VERSION = 1;
				DYLIB_CURRENT_VERSION = 1;
				FRAMEWORK_VERSION = A;
				GCC_DYNAMIC_NO_PIC = NO;
				GCC_ENABLE_FIX_AND_CONTINUE = YES;
				GCC_ENABLE_OBJC_EXCEPTIONS = YES;
				GCC_GENERATE_TEST_COVERAGE_FILES = YES;
				GCC_INSTRUMENT_PROGRAM_FLOW_ARCS = YES;
				GCC_MODEL_TUNING = G5;
				GCC_OPTIMIZATION_LEVEL = 0;
				GCC_PRECOMPILE_PREFIX_HEADER = YES;
				GCC_PREFIX_HEADER = FSKit_Prefix.pch;
				INFOPLIST_FILE = Info.plist;
				INSTALL_PATH = "@executable_path/../Frameworks";
				OTHER_LDFLAGS = "-lgcov";
				PRODUCT_NAME = FSKit;
				WRAPPER_EXTENSION = framework;
				ZERO_LINK = YES;
			};
			name = Coverage;
		};
		020438BB0D5EBD7C00A309AC /* Coverage */ = {
			isa = XCBuildConfiguration;
			buildSettings = {
				COPY_PHASE_STRIP = NO;
				GCC_DYNAMIC_NO_PIC = NO;
				GCC_GENERATE_DEBUGGING_SYMBOLS = YES;
				GCC_OPTIMIZATION_LEVEL = 0;
				PRODUCT_NAME = Documentation;
			};
			name = Coverage;
		};
		020438BC0D5EBD7C00A309AC /* Coverage */ = {
			isa = XCBuildConfiguration;
			buildSettings = {
				COPY_PHASE_STRIP = NO;
				FRAMEWORK_SEARCH_PATHS = (
					"$(value)",
					"$(DEVELOPER_FRAMEWORKS_DIR_QUOTED)",
				);
				GCC_DYNAMIC_NO_PIC = NO;
				GCC_ENABLE_FIX_AND_CONTINUE = NO;
				GCC_ENABLE_OBJC_EXCEPTIONS = YES;
				GCC_GENERATE_DEBUGGING_SYMBOLS = YES;
				GCC_MODEL_TUNING = G5;
				GCC_OPTIMIZATION_LEVEL = 0;
				GCC_PRECOMPILE_PREFIX_HEADER = YES;
				GCC_PREFIX_HEADER = "$(SYSTEM_LIBRARY_DIR)/Frameworks/Cocoa.framework/Headers/Cocoa.h";
				INFOPLIST_FILE = "Unit Tests-Info.plist";
				INSTALL_PATH = "$(USER_LIBRARY_DIR)/Bundles";
				OTHER_LDFLAGS = (
					"-framework",
					Cocoa,
					"-framework",
					SenTestingKit,
				);
				PREBINDING = NO;
				PRODUCT_NAME = "Unit Tests";
				WRAPPER_EXTENSION = octest;
				ZERO_LINK = NO;
			};
			name = Coverage;
		};
		0271486B0D7099D200072118 /* Debug */ = {
			isa = XCBuildConfiguration;
			buildSettings = {
				COPY_PHASE_STRIP = NO;
				GCC_DYNAMIC_NO_PIC = NO;
				GCC_ENABLE_FIX_AND_CONTINUE = YES;
				GCC_GENERATE_DEBUGGING_SYMBOLS = YES;
				GCC_MODEL_TUNING = G5;
				GCC_OPTIMIZATION_LEVEL = 0;
				GCC_PRECOMPILE_PREFIX_HEADER = YES;
				GCC_PREFIX_HEADER = "$(SYSTEM_LIBRARY_DIR)/Frameworks/AppKit.framework/Headers/AppKit.h";
				INFOPLIST_FILE = "FSAppTest-Info.plist";
				INSTALL_PATH = "$(HOME)/Applications";
				OTHER_LDFLAGS = (
					"-framework",
					Foundation,
					"-framework",
					AppKit,
				);
				PREBINDING = NO;
				PRODUCT_NAME = FSAppTest;
				WRAPPER_EXTENSION = app;
				ZERO_LINK = YES;
			};
			name = Debug;
		};
		0271486C0D7099D200072118 /* Coverage */ = {
			isa = XCBuildConfiguration;
			buildSettings = {
				GCC_ENABLE_FIX_AND_CONTINUE = YES;
				GCC_MODEL_TUNING = G5;
				GCC_PRECOMPILE_PREFIX_HEADER = YES;
				GCC_PREFIX_HEADER = "$(SYSTEM_LIBRARY_DIR)/Frameworks/AppKit.framework/Headers/AppKit.h";
				INFOPLIST_FILE = "FSAppTest-Info.plist";
				INSTALL_PATH = "$(HOME)/Applications";
				OTHER_LDFLAGS = (
					"-framework",
					Foundation,
					"-framework",
					AppKit,
				);
				PREBINDING = NO;
				PRODUCT_NAME = FSAppTest;
				WRAPPER_EXTENSION = app;
				ZERO_LINK = YES;
			};
			name = Coverage;
		};
		0271486D0D7099D200072118 /* Release */ = {
			isa = XCBuildConfiguration;
			buildSettings = {
				COPY_PHASE_STRIP = YES;
				GCC_ENABLE_FIX_AND_CONTINUE = NO;
				GCC_GENERATE_DEBUGGING_SYMBOLS = NO;
				GCC_MODEL_TUNING = G5;
				GCC_PRECOMPILE_PREFIX_HEADER = YES;
				GCC_PREFIX_HEADER = "$(SYSTEM_LIBRARY_DIR)/Frameworks/AppKit.framework/Headers/AppKit.h";
				INFOPLIST_FILE = "FSAppTest-Info.plist";
				INSTALL_PATH = "$(HOME)/Applications";
				OTHER_LDFLAGS = (
					"-framework",
					Foundation,
					"-framework",
					AppKit,
				);
				PREBINDING = NO;
				PRODUCT_NAME = FSAppTest;
				WRAPPER_EXTENSION = app;
				ZERO_LINK = NO;
			};
			name = Release;
		};
		027149DB0D70A0B900072118 /* Debug */ = {
			isa = XCBuildConfiguration;
			buildSettings = {
				COPY_PHASE_STRIP = NO;
				GCC_DYNAMIC_NO_PIC = NO;
				GCC_GENERATE_DEBUGGING_SYMBOLS = YES;
				GCC_OPTIMIZATION_LEVEL = 0;
				PRODUCT_NAME = All;
			};
			name = Debug;
		};
		027149DC0D70A0B900072118 /* Coverage */ = {
			isa = XCBuildConfiguration;
			buildSettings = {
				PRODUCT_NAME = All;
			};
			name = Coverage;
		};
		027149DD0D70A0B900072118 /* Release */ = {
			isa = XCBuildConfiguration;
			buildSettings = {
				COPY_PHASE_STRIP = YES;
				GCC_ENABLE_FIX_AND_CONTINUE = NO;
				GCC_GENERATE_DEBUGGING_SYMBOLS = NO;
				PRODUCT_NAME = All;
				ZERO_LINK = NO;
			};
			name = Release;
		};
		02D2CD2F0CC311610013D298 /* Debug */ = {
			isa = XCBuildConfiguration;
			buildSettings = {
				COPY_PHASE_STRIP = NO;
				FRAMEWORK_SEARCH_PATHS = (
					"$(value)",
					"$(DEVELOPER_FRAMEWORKS_DIR_QUOTED)",
				);
				GCC_DYNAMIC_NO_PIC = NO;
				GCC_ENABLE_FIX_AND_CONTINUE = NO;
				GCC_ENABLE_OBJC_EXCEPTIONS = YES;
				GCC_GENERATE_DEBUGGING_SYMBOLS = YES;
				GCC_MODEL_TUNING = G5;
				GCC_OPTIMIZATION_LEVEL = 0;
				GCC_PRECOMPILE_PREFIX_HEADER = YES;
				GCC_PREFIX_HEADER = "$(SYSTEM_LIBRARY_DIR)/Frameworks/Cocoa.framework/Headers/Cocoa.h";
				INFOPLIST_FILE = "Unit Tests-Info.plist";
				INSTALL_PATH = "$(USER_LIBRARY_DIR)/Bundles";
				OTHER_LDFLAGS = (
					"-framework",
					Cocoa,
					"-framework",
					SenTestingKit,
				);
				PREBINDING = NO;
				PRODUCT_NAME = "Unit Tests";
				WRAPPER_EXTENSION = octest;
				ZERO_LINK = NO;
			};
			name = Debug;
		};
		02D2CD300CC311610013D298 /* Release */ = {
			isa = XCBuildConfiguration;
			buildSettings = {
				COPY_PHASE_STRIP = YES;
				FRAMEWORK_SEARCH_PATHS = (
					"$(value)",
					"$(DEVELOPER_FRAMEWORKS_DIR_QUOTED)",
				);
				GCC_ENABLE_FIX_AND_CONTINUE = NO;
				GCC_ENABLE_OBJC_EXCEPTIONS = YES;
				GCC_GENERATE_DEBUGGING_SYMBOLS = NO;
				GCC_MODEL_TUNING = G5;
				GCC_PRECOMPILE_PREFIX_HEADER = YES;
				GCC_PREFIX_HEADER = "$(SYSTEM_LIBRARY_DIR)/Frameworks/Cocoa.framework/Headers/Cocoa.h";
				INFOPLIST_FILE = "Unit Tests-Info.plist";
				INSTALL_PATH = "$(USER_LIBRARY_DIR)/Bundles";
				OTHER_LDFLAGS = (
					"-framework",
					Cocoa,
					"-framework",
					SenTestingKit,
				);
				PREBINDING = NO;
				PRODUCT_NAME = "Unit Tests";
				WRAPPER_EXTENSION = octest;
				ZERO_LINK = NO;
			};
			name = Release;
		};
		02EEFE7E0CA6B55A007006DE /* Debug */ = {
			isa = XCBuildConfiguration;
			buildSettings = {
				COPY_PHASE_STRIP = NO;
				GCC_DYNAMIC_NO_PIC = NO;
				GCC_GENERATE_DEBUGGING_SYMBOLS = YES;
				GCC_OPTIMIZATION_LEVEL = 0;
				PRODUCT_NAME = Documentation;
			};
			name = Debug;
		};
		02EEFE7F0CA6B55A007006DE /* Release */ = {
			isa = XCBuildConfiguration;
			buildSettings = {
				COPY_PHASE_STRIP = YES;
				GCC_ENABLE_FIX_AND_CONTINUE = NO;
				GCC_GENERATE_DEBUGGING_SYMBOLS = NO;
				PRODUCT_NAME = Documentation;
				ZERO_LINK = NO;
			};
			name = Release;
		};
		1DEB91AE08733DA50010E9CD /* Debug */ = {
			isa = XCBuildConfiguration;
			buildSettings = {
				COPY_PHASE_STRIP = NO;
				DYLIB_COMPATIBILITY_VERSION = 1;
				DYLIB_CURRENT_VERSION = 1;
				FRAMEWORK_VERSION = A;
				GCC_DYNAMIC_NO_PIC = NO;
				GCC_ENABLE_FIX_AND_CONTINUE = YES;
				GCC_ENABLE_OBJC_EXCEPTIONS = YES;
				GCC_MODEL_TUNING = G5;
				GCC_OPTIMIZATION_LEVEL = 0;
				GCC_PRECOMPILE_PREFIX_HEADER = YES;
				GCC_PREFIX_HEADER = FSKit_Prefix.pch;
				INFOPLIST_FILE = Info.plist;
				INSTALL_PATH = "@executable_path/../Frameworks";
				PRODUCT_NAME = FSKit;
				WRAPPER_EXTENSION = framework;
				ZERO_LINK = YES;
			};
			name = Debug;
		};
		1DEB91AF08733DA50010E9CD /* Release */ = {
			isa = XCBuildConfiguration;
			buildSettings = {
				ARCHS = (
					ppc,
					i386,
				);
				DYLIB_COMPATIBILITY_VERSION = 1;
				DYLIB_CURRENT_VERSION = 1;
				FRAMEWORK_VERSION = A;
				GCC_ENABLE_OBJC_EXCEPTIONS = YES;
				GCC_GENERATE_DEBUGGING_SYMBOLS = NO;
				GCC_MODEL_TUNING = G5;
				GCC_PRECOMPILE_PREFIX_HEADER = YES;
				GCC_PREFIX_HEADER = FSKit_Prefix.pch;
				INFOPLIST_FILE = Info.plist;
				INSTALL_PATH = "@executable_path/../Frameworks";
				PRODUCT_NAME = FSKit;
				WRAPPER_EXTENSION = framework;
			};
			name = Release;
		};
		1DEB91B208733DA50010E9CD /* Debug */ = {
			isa = XCBuildConfiguration;
			buildSettings = {
				GCC_WARN_ABOUT_RETURN_TYPE = YES;
				GCC_WARN_UNUSED_VARIABLE = YES;
				PREBINDING = NO;
				SDKROOT = /Developer/SDKs/MacOSX10.4u.sdk;
			};
			name = Debug;
		};
		1DEB91B308733DA50010E9CD /* Release */ = {
			isa = XCBuildConfiguration;
			buildSettings = {
				GCC_WARN_ABOUT_RETURN_TYPE = YES;
				GCC_WARN_UNUSED_VARIABLE = YES;
				PREBINDING = NO;
				SDKROOT = /Developer/SDKs/MacOSX10.4u.sdk;
			};
			name = Release;
		};
/* End XCBuildConfiguration section */

/* Begin XCConfigurationList section */
		0271486A0D7099D200072118 /* Build configuration list for PBXNativeTarget "FSAppTest" */ = {
			isa = XCConfigurationList;
			buildConfigurations = (
				0271486B0D7099D200072118 /* Debug */,
				0271486C0D7099D200072118 /* Coverage */,
				0271486D0D7099D200072118 /* Release */,
			);
			defaultConfigurationIsVisible = 0;
			defaultConfigurationName = Release;
		};
		027149DA0D70A0B900072118 /* Build configuration list for PBXAggregateTarget "All" */ = {
			isa = XCConfigurationList;
			buildConfigurations = (
				027149DB0D70A0B900072118 /* Debug */,
				027149DC0D70A0B900072118 /* Coverage */,
				027149DD0D70A0B900072118 /* Release */,
			);
			defaultConfigurationIsVisible = 0;
			defaultConfigurationName = Release;
		};
		02D2CD2E0CC311610013D298 /* Build configuration list for PBXNativeTarget "Unit Tests" */ = {
			isa = XCConfigurationList;
			buildConfigurations = (
				02D2CD2F0CC311610013D298 /* Debug */,
				020438BC0D5EBD7C00A309AC /* Coverage */,
				02D2CD300CC311610013D298 /* Release */,
			);
			defaultConfigurationIsVisible = 0;
			defaultConfigurationName = Release;
		};
		02EEFE7D0CA6B55A007006DE /* Build configuration list for PBXAggregateTarget "Documentation" */ = {
			isa = XCConfigurationList;
			buildConfigurations = (
				02EEFE7E0CA6B55A007006DE /* Debug */,
				020438BB0D5EBD7C00A309AC /* Coverage */,
				02EEFE7F0CA6B55A007006DE /* Release */,
			);
			defaultConfigurationIsVisible = 0;
			defaultConfigurationName = Release;
		};
		1DEB91AD08733DA50010E9CD /* Build configuration list for PBXNativeTarget "FSKit" */ = {
			isa = XCConfigurationList;
			buildConfigurations = (
				1DEB91AE08733DA50010E9CD /* Debug */,
				020438BA0D5EBD7C00A309AC /* Coverage */,
				1DEB91AF08733DA50010E9CD /* Release */,
			);
			defaultConfigurationIsVisible = 0;
			defaultConfigurationName = Release;
		};
		1DEB91B108733DA50010E9CD /* Build configuration list for PBXProject "FSKit" */ = {
			isa = XCConfigurationList;
			buildConfigurations = (
				1DEB91B208733DA50010E9CD /* Debug */,
				020438B90D5EBD7C00A309AC /* Coverage */,
				1DEB91B308733DA50010E9CD /* Release */,
			);
			defaultConfigurationIsVisible = 0;
			defaultConfigurationName = Release;
		};
/* End XCConfigurationList section */
	};
	rootObject = 0867D690FE84028FC02AAC07 /* Project object */;
}
